
Microsoft Visual Studio Solution File, Format Version 12.00
# Visual Studio Version 17
VisualStudioVersion = 17.13.35913.81 d17.13
MinimumVisualStudioVersion = 10.0.40219.1
Project("{FAE04EC0-301F-11D3-BF4B-00C04F79EFBC}") = "Yildiz.Edu.WebUI", "Yildiz.Edu.WebUI\Yildiz.Edu.WebUI.csproj", "{A8F636D4-84A2-48A4-949A-6F37D54B3E30}"
EndProject
Global
	GlobalSection(SolutionConfigurationPlatforms) = preSolution
		Debug|Any CPU = Debug|Any CPU
		Release|Any CPU = Release|Any CPU
	EndGlobalSection
	GlobalSection(ProjectConfigurationPlatforms) = postSolution
		{A8F636D4-84A2-48A4-949A-6F37D54B3E30}.Debug|Any CPU.ActiveCfg = Debug|Any CPU
		{A8F636D4-84A2-48A4-949A-6F37D54B3E30}.Debug|Any CPU.Build.0 = Debug|Any CPU
		{A8F636D4-84A2-48A4-949A-6F37D54B3E30}.Release|Any CPU.ActiveCfg = Release|Any CPU
		{A8F636D4-84A2-48A4-949A-6F37D54B3E30}.Release|Any CPU.Build.0 = Release|Any CPU
	EndGlobalSection
	GlobalSection(SolutionProperties) = preSolution
		HideSolutionNode = FALSE
	EndGlobalSection
	GlobalSection(ExtensibilityGlobals) = postSolution
		SolutionGuid = {DF345459-8569-4D59-8A60-1DC179A92774}
	EndGlobalSection
EndGlobal
